
Microsoft Visual Studio Solution File, Format Version 12.00
# Visual Studio 2012
Project("{FAE04EC0-301F-11D3-BF4B-00C04F79EFBC}") = "Badass_Teroids", "Badass_Teroids.csproj", "{9181B813-0011-4D76-BB9C-72DB89FF9236}"
EndProject
Global
	GlobalSection(SolutionConfigurationPlatforms) = preSolution
		Debug|x86 = Debug|x86
		Release|x86 = Release|x86
	EndGlobalSection
	GlobalSection(ProjectConfigurationPlatforms) = postSolution
		{9181B813-0011-4D76-BB9C-72DB89FF9236}.Debug|x86.ActiveCfg = Debug|x86
		{9181B813-0011-4D76-BB9C-72DB89FF9236}.Debug|x86.Build.0 = Debug|x86
		{9181B813-0011-4D76-BB9C-72DB89FF9236}.Release|x86.ActiveCfg = Release|x86
		{9181B813-0011-4D76-BB9C-72DB89FF9236}.Release|x86.Build.0 = Release|x86
	EndGlobalSection
EndGlobal
